
Microsoft Visual Studio Solution File, Format Version 12.00
# Visual Studio 15
Project("{FAE04EC0-301F-11D3-BF4B-00C04F79EFBC}") = "Assembly-CSharp", "Assembly-CSharp.csproj", "{95987C9E-D596-1866-F2E0-90076E6308CA}"
EndProject
Project("{FAE04EC0-301F-11D3-BF4B-00C04F79EFBC}") = "Assembly-CSharp-Editor", "Assembly-CSharp-Editor.csproj", "{495A527A-547E-9251-FEC9-BCCB94643786}"
EndProject
Global
	GlobalSection(SolutionConfigurationPlatforms) = preSolution
		Debug|Any CPU = Debug|Any CPU
		Release|Any CPU = Release|Any CPU
	EndGlobalSection
	GlobalSection(ProjectConfigurationPlatforms) = postSolution
		{95987C9E-D596-1866-F2E0-90076E6308CA}.Debug|Any CPU.ActiveCfg = Debug|Any CPU
		{95987C9E-D596-1866-F2E0-90076E6308CA}.Debug|Any CPU.Build.0 = Debug|Any CPU
		{95987C9E-D596-1866-F2E0-90076E6308CA}.Release|Any CPU.ActiveCfg = Release|Any CPU
		{95987C9E-D596-1866-F2E0-90076E6308CA}.Release|Any CPU.Build.0 = Release|Any CPU
		{495A527A-547E-9251-FEC9-BCCB94643786}.Debug|Any CPU.ActiveCfg = Debug|Any CPU
		{495A527A-547E-9251-FEC9-BCCB94643786}.Debug|Any CPU.Build.0 = Debug|Any CPU
		{495A527A-547E-9251-FEC9-BCCB94643786}.Release|Any CPU.ActiveCfg = Release|Any CPU
		{495A527A-547E-9251-FEC9-BCCB94643786}.Release|Any CPU.Build.0 = Release|Any CPU
	EndGlobalSection
	GlobalSection(SolutionProperties) = preSolution
		HideSolutionNode = FALSE
	EndGlobalSection
EndGlobal
